
Microsoft Visual Studio Solution File, Format Version 12.00
# Visual Studio Version 16
VisualStudioVersion = 16.0.32106.194
MinimumVisualStudioVersion = 10.0.40219.1
Project("{9A19103F-16F7-4668-BE54-9A1E7A4F7556}") = "Programa1.Common", "Programa1.Common\Programa1.Common.csproj", "{ADB76A61-3B58-4F91-833A-AC64CA01F31B}"
EndProject
Project("{9A19103F-16F7-4668-BE54-9A1E7A4F7556}") = "Programa1.Web", "Programa1.Web\Programa1.Web.csproj", "{4FF49FE1-DD9B-499B-9B6B-9478E827CEE7}"
EndProject
Project("{9A19103F-16F7-4668-BE54-9A1E7A4F7556}") = "Programa1.Prism", "Programa1.Prism\Programa1.Prism\Programa1.Prism.csproj", "{3E3A9B28-7575-4325-95DB-0886408C737E}"
EndProject
Project("{FAE04EC0-301F-11D3-BF4B-00C04F79EFBC}") = "Programa1.Prism.Android", "Programa1.Prism\Programa1.Prism.Android\Programa1.Prism.Android.csproj", "{71604DB1-7A25-4725-9858-87F47BB57247}"
EndProject
Project("{FAE04EC0-301F-11D3-BF4B-00C04F79EFBC}") = "Programa1.Prism.iOS", "Programa1.Prism\Programa1.Prism.iOS\Programa1.Prism.iOS.csproj", "{9062FFF7-D40D-4C71-BA10-8B954E326E59}"
EndProject
Project("{FAE04EC0-301F-11D3-BF4B-00C04F79EFBC}") = "Programa1.Cross.Android", "Programa1.Cross.Android\Programa1.Cross.Android.csproj", "{C9700132-8609-49F4-AC17-93E00A626923}"
EndProject
Project("{FAE04EC0-301F-11D3-BF4B-00C04F79EFBC}") = "Programa1.Cross.iOS", "Programa1.Cross.iOS\Programa1.Cross.iOS.csproj", "{F7D2E51D-9DF9-41A9-A2DA-C71C851DFDCB}"
EndProject
Global
	GlobalSection(SolutionConfigurationPlatforms) = preSolution
		Ad-Hoc|Any CPU = Ad-Hoc|Any CPU
		Ad-Hoc|iPhone = Ad-Hoc|iPhone
		Ad-Hoc|iPhoneSimulator = Ad-Hoc|iPhoneSimulator
		AppStore|Any CPU = AppStore|Any CPU
		AppStore|iPhone = AppStore|iPhone
		AppStore|iPhoneSimulator = AppStore|iPhoneSimulator
		Debug|Any CPU = Debug|Any CPU
		Debug|iPhone = Debug|iPhone
		Debug|iPhoneSimulator = Debug|iPhoneSimulator
		Release|Any CPU = Release|Any CPU
		Release|iPhone = Release|iPhone
		Release|iPhoneSimulator = Release|iPhoneSimulator
	EndGlobalSection
	GlobalSection(ProjectConfigurationPlatforms) = postSolution
		{ADB76A61-3B58-4F91-833A-AC64CA01F31B}.Ad-Hoc|Any CPU.ActiveCfg = Debug|Any CPU
		{ADB76A61-3B58-4F91-833A-AC64CA01F31B}.Ad-Hoc|Any CPU.Build.0 = Debug|Any CPU
		{ADB76A61-3B58-4F91-833A-AC64CA01F31B}.Ad-Hoc|iPhone.ActiveCfg = Debug|Any CPU
		{ADB76A61-3B58-4F91-833A-AC64CA01F31B}.Ad-Hoc|iPhone.Build.0 = Debug|Any CPU
		{ADB76A61-3B58-4F91-833A-AC64CA01F31B}.Ad-Hoc|iPhoneSimulator.ActiveCfg = Debug|Any CPU
		{ADB76A61-3B58-4F91-833A-AC64CA01F31B}.Ad-Hoc|iPhoneSimulator.Build.0 = Debug|Any CPU
		{ADB76A61-3B58-4F91-833A-AC64CA01F31B}.AppStore|Any CPU.ActiveCfg = Debug|Any CPU
		{ADB76A61-3B58-4F91-833A-AC64CA01F31B}.AppStore|Any CPU.Build.0 = Debug|Any CPU
		{ADB76A61-3B58-4F91-833A-AC64CA01F31B}.AppStore|iPhone.ActiveCfg = Debug|Any CPU
		{ADB76A61-3B58-4F91-833A-AC64CA01F31B}.AppStore|iPhone.Build.0 = Debug|Any CPU
		{ADB76A61-3B58-4F91-833A-AC64CA01F31B}.AppStore|iPhoneSimulator.ActiveCfg = Debug|Any CPU
		{ADB76A61-3B58-4F91-833A-AC64CA01F31B}.AppStore|iPhoneSimulator.Build.0 = Debug|Any CPU
		{ADB76A61-3B58-4F91-833A-AC64CA01F31B}.Debug|Any CPU.ActiveCfg = Debug|Any CPU
		{ADB76A61-3B58-4F91-833A-AC64CA01F31B}.Debug|Any CPU.Build.0 = Debug|Any CPU
		{ADB76A61-3B58-4F91-833A-AC64CA01F31B}.Debug|iPhone.ActiveCfg = Debug|Any CPU
		{ADB76A61-3B58-4F91-833A-AC64CA01F31B}.Debug|iPhone.Build.0 = Debug|Any CPU
		{ADB76A61-3B58-4F91-833A-AC64CA01F31B}.Debug|iPhoneSimulator.ActiveCfg = Debug|Any CPU
		{ADB76A61-3B58-4F91-833A-AC64CA01F31B}.Debug|iPhoneSimulator.Build.0 = Debug|Any CPU
		{ADB76A61-3B58-4F91-833A-AC64CA01F31B}.Release|Any CPU.ActiveCfg = Release|Any CPU
		{ADB76A61-3B58-4F91-833A-AC64CA01F31B}.Release|Any CPU.Build.0 = Release|Any CPU
		{ADB76A61-3B58-4F91-833A-AC64CA01F31B}.Release|iPhone.ActiveCfg = Release|Any CPU
		{ADB76A61-3B58-4F91-833A-AC64CA01F31B}.Release|iPhone.Build.0 = Release|Any CPU
		{ADB76A61-3B58-4F91-833A-AC64CA01F31B}.Release|iPhoneSimulator.ActiveCfg = Release|Any CPU
		{ADB76A61-3B58-4F91-833A-AC64CA01F31B}.Release|iPhoneSimulator.Build.0 = Release|Any CPU
		{4FF49FE1-DD9B-499B-9B6B-9478E827CEE7}.Ad-Hoc|Any CPU.ActiveCfg = Debug|Any CPU
		{4FF49FE1-DD9B-499B-9B6B-9478E827CEE7}.Ad-Hoc|Any CPU.Build.0 = Debug|Any CPU
		{4FF49FE1-DD9B-499B-9B6B-9478E827CEE7}.Ad-Hoc|iPhone.ActiveCfg = Debug|Any CPU
		{4FF49FE1-DD9B-499B-9B6B-9478E827CEE7}.Ad-Hoc|iPhone.Build.0 = Debug|Any CPU
		{4FF49FE1-DD9B-499B-9B6B-9478E827CEE7}.Ad-Hoc|iPhoneSimulator.ActiveCfg = Debug|Any CPU
		{4FF49FE1-DD9B-499B-9B6B-9478E827CEE7}.Ad-Hoc|iPhoneSimulator.Build.0 = Debug|Any CPU
		{4FF49FE1-DD9B-499B-9B6B-9478E827CEE7}.AppStore|Any CPU.ActiveCfg = Debug|Any CPU
		{4FF49FE1-DD9B-499B-9B6B-9478E827CEE7}.AppStore|Any CPU.Build.0 = Debug|Any CPU
		{4FF49FE1-DD9B-499B-9B6B-9478E827CEE7}.AppStore|iPhone.ActiveCfg = Debug|Any CPU
		{4FF49FE1-DD9B-499B-9B6B-9478E827CEE7}.AppStore|iPhone.Build.0 = Debug|Any CPU
		{4FF49FE1-DD9B-499B-9B6B-9478E827CEE7}.AppStore|iPhoneSimulator.ActiveCfg = Debug|Any CPU
		{4FF49FE1-DD9B-499B-9B6B-9478E827CEE7}.AppStore|iPhoneSimulator.Build.0 = Debug|Any CPU
		{4FF49FE1-DD9B-499B-9B6B-9478E827CEE7}.Debug|Any CPU.ActiveCfg = Debug|Any CPU
		{4FF49FE1-DD9B-499B-9B6B-9478E827CEE7}.Debug|Any CPU.Build.0 = Debug|Any CPU
		{4FF49FE1-DD9B-499B-9B6B-9478E827CEE7}.Debug|iPhone.ActiveCfg = Debug|Any CPU
		{4FF49FE1-DD9B-499B-9B6B-9478E827CEE7}.Debug|iPhone.Build.0 = Debug|Any CPU
		{4FF49FE1-DD9B-499B-9B6B-9478E827CEE7}.Debug|iPhoneSimulator.ActiveCfg = Debug|Any CPU
		{4FF49FE1-DD9B-499B-9B6B-9478E827CEE7}.Debug|iPhoneSimulator.Build.0 = Debug|Any CPU
		{4FF49FE1-DD9B-499B-9B6B-9478E827CEE7}.Release|Any CPU.ActiveCfg = Release|Any CPU
		{4FF49FE1-DD9B-499B-9B6B-9478E827CEE7}.Release|Any CPU.Build.0 = Release|Any CPU
		{4FF49FE1-DD9B-499B-9B6B-9478E827CEE7}.Release|iPhone.ActiveCfg = Release|Any CPU
		{4FF49FE1-DD9B-499B-9B6B-9478E827CEE7}.Release|iPhone.Build.0 = Release|Any CPU
		{4FF49FE1-DD9B-499B-9B6B-9478E827CEE7}.Release|iPhoneSimulator.ActiveCfg = Release|Any CPU
		{4FF49FE1-DD9B-499B-9B6B-9478E827CEE7}.Release|iPhoneSimulator.Build.0 = Release|Any CPU
		{3E3A9B28-7575-4325-95DB-0886408C737E}.Ad-Hoc|Any CPU.ActiveCfg = Debug|Any CPU
		{3E3A9B28-7575-4325-95DB-0886408C737E}.Ad-Hoc|Any CPU.Build.0 = Debug|Any CPU
		{3E3A9B28-7575-4325-95DB-0886408C737E}.Ad-Hoc|iPhone.ActiveCfg = Debug|Any CPU
		{3E3A9B28-7575-4325-95DB-0886408C737E}.Ad-Hoc|iPhone.Build.0 = Debug|Any CPU
		{3E3A9B28-7575-4325-95DB-0886408C737E}.Ad-Hoc|iPhoneSimulator.ActiveCfg = Debug|Any CPU
		{3E3A9B28-7575-4325-95DB-0886408C737E}.Ad-Hoc|iPhoneSimulator.Build.0 = Debug|Any CPU
		{3E3A9B28-7575-4325-95DB-0886408C737E}.AppStore|Any CPU.ActiveCfg = Debug|Any CPU
		{3E3A9B28-7575-4325-95DB-0886408C737E}.AppStore|Any CPU.Build.0 = Debug|Any CPU
		{3E3A9B28-7575-4325-95DB-0886408C737E}.AppStore|iPhone.ActiveCfg = Debug|Any CPU
		{3E3A9B28-7575-4325-95DB-0886408C737E}.AppStore|iPhone.Build.0 = Debug|Any CPU
		{3E3A9B28-7575-4325-95DB-0886408C737E}.AppStore|iPhoneSimulator.ActiveCfg = Debug|Any CPU
		{3E3A9B28-7575-4325-95DB-0886408C737E}.AppStore|iPhoneSimulator.Build.0 = Debug|Any CPU
		{3E3A9B28-7575-4325-95DB-0886408C737E}.Debug|Any CPU.ActiveCfg = Debug|Any CPU
		{3E3A9B28-7575-4325-95DB-0886408C737E}.Debug|Any CPU.Build.0 = Debug|Any CPU
		{3E3A9B28-7575-4325-95DB-0886408C737E}.Debug|iPhone.ActiveCfg = Debug|Any CPU
		{3E3A9B28-7575-4325-95DB-0886408C737E}.Debug|iPhone.Build.0 = Debug|Any CPU
		{3E3A9B28-7575-4325-95DB-0886408C737E}.Debug|iPhoneSimulator.ActiveCfg = Debug|Any CPU
		{3E3A9B28-7575-4325-95DB-0886408C737E}.Debug|iPhoneSimulator.Build.0 = Debug|Any CPU
		{3E3A9B28-7575-4325-95DB-0886408C737E}.Release|Any CPU.ActiveCfg = Release|Any CPU
		{3E3A9B28-7575-4325-95DB-0886408C737E}.Release|Any CPU.Build.0 = Release|Any CPU
		{3E3A9B28-7575-4325-95DB-0886408C737E}.Release|iPhone.ActiveCfg = Release|Any CPU
		{3E3A9B28-7575-4325-95DB-0886408C737E}.Release|iPhone.Build.0 = Release|Any CPU
		{3E3A9B28-7575-4325-95DB-0886408C737E}.Release|iPhoneSimulator.ActiveCfg = Release|Any CPU
		{3E3A9B28-7575-4325-95DB-0886408C737E}.Release|iPhoneSimulator.Build.0 = Release|Any CPU
		{71604DB1-7A25-4725-9858-87F47BB57247}.Ad-Hoc|Any CPU.ActiveCfg = Debug|Any CPU
		{71604DB1-7A25-4725-9858-87F47BB57247}.Ad-Hoc|Any CPU.Build.0 = Debug|Any CPU
		{71604DB1-7A25-4725-9858-87F47BB57247}.Ad-Hoc|Any CPU.Deploy.0 = Debug|Any CPU
		{71604DB1-7A25-4725-9858-87F47BB57247}.Ad-Hoc|iPhone.ActiveCfg = Debug|Any CPU
		{71604DB1-7A25-4725-9858-87F47BB57247}.Ad-Hoc|iPhone.Build.0 = Debug|Any CPU
		{71604DB1-7A25-4725-9858-87F47BB57247}.Ad-Hoc|iPhone.Deploy.0 = Debug|Any CPU
		{71604DB1-7A25-4725-9858-87F47BB57247}.Ad-Hoc|iPhoneSimulator.ActiveCfg = Debug|Any CPU
		{71604DB1-7A25-4725-9858-87F47BB57247}.Ad-Hoc|iPhoneSimulator.Build.0 = Debug|Any CPU
		{71604DB1-7A25-4725-9858-87F47BB57247}.Ad-Hoc|iPhoneSimulator.Deploy.0 = Debug|Any CPU
		{71604DB1-7A25-4725-9858-87F47BB57247}.AppStore|Any CPU.ActiveCfg = Debug|Any CPU
		{71604DB1-7A25-4725-9858-87F47BB57247}.AppStore|Any CPU.Build.0 = Debug|Any CPU
		{71604DB1-7A25-4725-9858-87F47BB57247}.AppStore|Any CPU.Deploy.0 = Debug|Any CPU
		{71604DB1-7A25-4725-9858-87F47BB57247}.AppStore|iPhone.ActiveCfg = Debug|Any CPU
		{71604DB1-7A25-4725-9858-87F47BB57247}.AppStore|iPhone.Build.0 = Debug|Any CPU
		{71604DB1-7A25-4725-9858-87F47BB57247}.AppStore|iPhone.Deploy.0 = Debug|Any CPU
		{71604DB1-7A25-4725-9858-87F47BB57247}.AppStore|iPhoneSimulator.ActiveCfg = Debug|Any CPU
		{71604DB1-7A25-4725-9858-87F47BB57247}.AppStore|iPhoneSimulator.Build.0 = Debug|Any CPU
		{71604DB1-7A25-4725-9858-87F47BB57247}.AppStore|iPhoneSimulator.Deploy.0 = Debug|Any CPU
		{71604DB1-7A25-4725-9858-87F47BB57247}.Debug|Any CPU.ActiveCfg = Debug|Any CPU
		{71604DB1-7A25-4725-9858-87F47BB57247}.Debug|Any CPU.Build.0 = Debug|Any CPU
		{71604DB1-7A25-4725-9858-87F47BB57247}.Debug|Any CPU.Deploy.0 = Debug|Any CPU
		{71604DB1-7A25-4725-9858-87F47BB57247}.Debug|iPhone.ActiveCfg = Debug|Any CPU
		{71604DB1-7A25-4725-9858-87F47BB57247}.Debug|iPhone.Build.0 = Debug|Any CPU
		{71604DB1-7A25-4725-9858-87F47BB57247}.Debug|iPhone.Deploy.0 = Debug|Any CPU
		{71604DB1-7A25-4725-9858-87F47BB57247}.Debug|iPhoneSimulator.ActiveCfg = Debug|Any CPU
		{71604DB1-7A25-4725-9858-87F47BB57247}.Debug|iPhoneSimulator.Build.0 = Debug|Any CPU
		{71604DB1-7A25-4725-9858-87F47BB57247}.Debug|iPhoneSimulator.Deploy.0 = Debug|Any CPU
		{71604DB1-7A25-4725-9858-87F47BB57247}.Release|Any CPU.ActiveCfg = Release|Any CPU
		{71604DB1-7A25-4725-9858-87F47BB57247}.Release|Any CPU.Build.0 = Release|Any CPU
		{71604DB1-7A25-4725-9858-87F47BB57247}.Release|Any CPU.Deploy.0 = Release|Any CPU
		{71604DB1-7A25-4725-9858-87F47BB57247}.Release|iPhone.ActiveCfg = Release|Any CPU
		{71604DB1-7A25-4725-9858-87F47BB57247}.Release|iPhone.Build.0 = Release|Any CPU
		{71604DB1-7A25-4725-9858-87F47BB57247}.Release|iPhone.Deploy.0 = Release|Any CPU
		{71604DB1-7A25-4725-9858-87F47BB57247}.Release|iPhoneSimulator.ActiveCfg = Release|Any CPU
		{71604DB1-7A25-4725-9858-87F47BB57247}.Release|iPhoneSimulator.Build.0 = Release|Any CPU
		{71604DB1-7A25-4725-9858-87F47BB57247}.Release|iPhoneSimulator.Deploy.0 = Release|Any CPU
		{9062FFF7-D40D-4C71-BA10-8B954E326E59}.Ad-Hoc|Any CPU.ActiveCfg = Ad-Hoc|iPhoneSimulator
		{9062FFF7-D40D-4C71-BA10-8B954E326E59}.Ad-Hoc|iPhone.ActiveCfg = Ad-Hoc|iPhone
		{9062FFF7-D40D-4C71-BA10-8B954E326E59}.Ad-Hoc|iPhone.Build.0 = Ad-Hoc|iPhone
		{9062FFF7-D40D-4C71-BA10-8B954E326E59}.Ad-Hoc|iPhoneSimulator.ActiveCfg = Ad-Hoc|iPhoneSimulator
		{9062FFF7-D40D-4C71-BA10-8B954E326E59}.Ad-Hoc|iPhoneSimulator.Build.0 = Ad-Hoc|iPhoneSimulator
		{9062FFF7-D40D-4C71-BA10-8B954E326E59}.AppStore|Any CPU.ActiveCfg = AppStore|iPhoneSimulator
		{9062FFF7-D40D-4C71-BA10-8B954E326E59}.AppStore|iPhone.ActiveCfg = AppStore|iPhone
		{9062FFF7-D40D-4C71-BA10-8B954E326E59}.AppStore|iPhone.Build.0 = AppStore|iPhone
		{9062FFF7-D40D-4C71-BA10-8B954E326E59}.AppStore|iPhoneSimulator.ActiveCfg = AppStore|iPhoneSimulator
		{9062FFF7-D40D-4C71-BA10-8B954E326E59}.AppStore|iPhoneSimulator.Build.0 = AppStore|iPhoneSimulator
		{9062FFF7-D40D-4C71-BA10-8B954E326E59}.Debug|Any CPU.ActiveCfg = Debug|iPhoneSimulator
		{9062FFF7-D40D-4C71-BA10-8B954E326E59}.Debug|iPhone.ActiveCfg = Debug|iPhone
		{9062FFF7-D40D-4C71-BA10-8B954E326E59}.Debug|iPhone.Build.0 = Debug|iPhone
		{9062FFF7-D40D-4C71-BA10-8B954E326E59}.Debug|iPhoneSimulator.ActiveCfg = Debug|iPhoneSimulator
		{9062FFF7-D40D-4C71-BA10-8B954E326E59}.Debug|iPhoneSimulator.Build.0 = Debug|iPhoneSimulator
		{9062FFF7-D40D-4C71-BA10-8B954E326E59}.Release|Any CPU.ActiveCfg = Release|iPhoneSimulator
		{9062FFF7-D40D-4C71-BA10-8B954E326E59}.Release|iPhone.ActiveCfg = Release|iPhone
		{9062FFF7-D40D-4C71-BA10-8B954E326E59}.Release|iPhone.Build.0 = Release|iPhone
		{9062FFF7-D40D-4C71-BA10-8B954E326E59}.Release|iPhoneSimulator.ActiveCfg = Release|iPhoneSimulator
		{9062FFF7-D40D-4C71-BA10-8B954E326E59}.Release|iPhoneSimulator.Build.0 = Release|iPhoneSimulator
		{C9700132-8609-49F4-AC17-93E00A626923}.Ad-Hoc|Any CPU.ActiveCfg = Debug|Any CPU
		{C9700132-8609-49F4-AC17-93E00A626923}.Ad-Hoc|Any CPU.Build.0 = Debug|Any CPU
		{C9700132-8609-49F4-AC17-93E00A626923}.Ad-Hoc|Any CPU.Deploy.0 = Debug|Any CPU
		{C9700132-8609-49F4-AC17-93E00A626923}.Ad-Hoc|iPhone.ActiveCfg = Debug|Any CPU
		{C9700132-8609-49F4-AC17-93E00A626923}.Ad-Hoc|iPhone.Build.0 = Debug|Any CPU
		{C9700132-8609-49F4-AC17-93E00A626923}.Ad-Hoc|iPhone.Deploy.0 = Debug|Any CPU
		{C9700132-8609-49F4-AC17-93E00A626923}.Ad-Hoc|iPhoneSimulator.ActiveCfg = Debug|Any CPU
		{C9700132-8609-49F4-AC17-93E00A626923}.Ad-Hoc|iPhoneSimulator.Build.0 = Debug|Any CPU
		{C9700132-8609-49F4-AC17-93E00A626923}.Ad-Hoc|iPhoneSimulator.Deploy.0 = Debug|Any CPU
		{C9700132-8609-49F4-AC17-93E00A626923}.AppStore|Any CPU.ActiveCfg = Debug|Any CPU
		{C9700132-8609-49F4-AC17-93E00A626923}.AppStore|Any CPU.Build.0 = Debug|Any CPU
		{C9700132-8609-49F4-AC17-93E00A626923}.AppStore|Any CPU.Deploy.0 = Debug|Any CPU
		{C9700132-8609-49F4-AC17-93E00A626923}.AppStore|iPhone.ActiveCfg = Debug|Any CPU
		{C9700132-8609-49F4-AC17-93E00A626923}.AppStore|iPhone.Build.0 = Debug|Any CPU
		{C9700132-8609-49F4-AC17-93E00A626923}.AppStore|iPhone.Deploy.0 = Debug|Any CPU
		{C9700132-8609-49F4-AC17-93E00A626923}.AppStore|iPhoneSimulator.ActiveCfg = Debug|Any CPU
		{C9700132-8609-49F4-AC17-93E00A626923}.AppStore|iPhoneSimulator.Build.0 = Debug|Any CPU
		{C9700132-8609-49F4-AC17-93E00A626923}.AppStore|iPhoneSimulator.Deploy.0 = Debug|Any CPU
		{C9700132-8609-49F4-AC17-93E00A626923}.Debug|Any CPU.ActiveCfg = Debug|Any CPU
		{C9700132-8609-49F4-AC17-93E00A626923}.Debug|Any CPU.Build.0 = Debug|Any CPU
		{C9700132-8609-49F4-AC17-93E00A626923}.Debug|Any CPU.Deploy.0 = Debug|Any CPU
		{C9700132-8609-49F4-AC17-93E00A626923}.Debug|iPhone.ActiveCfg = Debug|Any CPU
		{C9700132-8609-49F4-AC17-93E00A626923}.Debug|iPhone.Build.0 = Debug|Any CPU
		{C9700132-8609-49F4-AC17-93E00A626923}.Debug|iPhone.Deploy.0 = Debug|Any CPU
		{C9700132-8609-49F4-AC17-93E00A626923}.Debug|iPhoneSimulator.ActiveCfg = Debug|Any CPU
		{C9700132-8609-49F4-AC17-93E00A626923}.Debug|iPhoneSimulator.Build.0 = Debug|Any CPU
		{C9700132-8609-49F4-AC17-93E00A626923}.Debug|iPhoneSimulator.Deploy.0 = Debug|Any CPU
		{C9700132-8609-49F4-AC17-93E00A626923}.Release|Any CPU.ActiveCfg = Release|Any CPU
		{C9700132-8609-49F4-AC17-93E00A626923}.Release|Any CPU.Build.0 = Release|Any CPU
		{C9700132-8609-49F4-AC17-93E00A626923}.Release|Any CPU.Deploy.0 = Release|Any CPU
		{C9700132-8609-49F4-AC17-93E00A626923}.Release|iPhone.ActiveCfg = Release|Any CPU
		{C9700132-8609-49F4-AC17-93E00A626923}.Release|iPhone.Build.0 = Release|Any CPU
		{C9700132-8609-49F4-AC17-93E00A626923}.Release|iPhone.Deploy.0 = Release|Any CPU
		{C9700132-8609-49F4-AC17-93E00A626923}.Release|iPhoneSimulator.ActiveCfg = Release|Any CPU
		{C9700132-8609-49F4-AC17-93E00A626923}.Release|iPhoneSimulator.Build.0 = Release|Any CPU
		{C9700132-8609-49F4-AC17-93E00A626923}.Release|iPhoneSimulator.Deploy.0 = Release|Any CPU
		{F7D2E51D-9DF9-41A9-A2DA-C71C851DFDCB}.Ad-Hoc|Any CPU.ActiveCfg = Debug|iPhoneSimulator
		{F7D2E51D-9DF9-41A9-A2DA-C71C851DFDCB}.Ad-Hoc|Any CPU.Build.0 = Debug|iPhoneSimulator
		{F7D2E51D-9DF9-41A9-A2DA-C71C851DFDCB}.Ad-Hoc|iPhone.ActiveCfg = Debug|iPhone
		{F7D2E51D-9DF9-41A9-A2DA-C71C851DFDCB}.Ad-Hoc|iPhone.Build.0 = Debug|iPhone
		{F7D2E51D-9DF9-41A9-A2DA-C71C851DFDCB}.Ad-Hoc|iPhoneSimulator.ActiveCfg = Debug|iPhoneSimulator
		{F7D2E51D-9DF9-41A9-A2DA-C71C851DFDCB}.Ad-Hoc|iPhoneSimulator.Build.0 = Debug|iPhoneSimulator
		{F7D2E51D-9DF9-41A9-A2DA-C71C851DFDCB}.AppStore|Any CPU.ActiveCfg = Debug|iPhoneSimulator
		{F7D2E51D-9DF9-41A9-A2DA-C71C851DFDCB}.AppStore|Any CPU.Build.0 = Debug|iPhoneSimulator
		{F7D2E51D-9DF9-41A9-A2DA-C71C851DFDCB}.AppStore|iPhone.ActiveCfg = Debug|iPhone
		{F7D2E51D-9DF9-41A9-A2DA-C71C851DFDCB}.AppStore|iPhone.Build.0 = Debug|iPhone
		{F7D2E51D-9DF9-41A9-A2DA-C71C851DFDCB}.AppStore|iPhoneSimulator.ActiveCfg = Debug|iPhoneSimulator
		{F7D2E51D-9DF9-41A9-A2DA-C71C851DFDCB}.AppStore|iPhoneSimulator.Build.0 = Debug|iPhoneSimulator
		{F7D2E51D-9DF9-41A9-A2DA-C71C851DFDCB}.Debug|Any CPU.ActiveCfg = Debug|iPhoneSimulator
		{F7D2E51D-9DF9-41A9-A2DA-C71C851DFDCB}.Debug|iPhone.ActiveCfg = Debug|iPhone
		{F7D2E51D-9DF9-41A9-A2DA-C71C851DFDCB}.Debug|iPhone.Build.0 = Debug|iPhone
		{F7D2E51D-9DF9-41A9-A2DA-C71C851DFDCB}.Debug|iPhoneSimulator.ActiveCfg = Debug|iPhoneSimulator
		{F7D2E51D-9DF9-41A9-A2DA-C71C851DFDCB}.Debug|iPhoneSimulator.Build.0 = Debug|iPhoneSimulator
		{F7D2E51D-9DF9-41A9-A2DA-C71C851DFDCB}.Release|Any CPU.ActiveCfg = Release|iPhoneSimulator
		{F7D2E51D-9DF9-41A9-A2DA-C71C851DFDCB}.Release|iPhone.ActiveCfg = Release|iPhone
		{F7D2E51D-9DF9-41A9-A2DA-C71C851DFDCB}.Release|iPhone.Build.0 = Release|iPhone
		{F7D2E51D-9DF9-41A9-A2DA-C71C851DFDCB}.Release|iPhoneSimulator.ActiveCfg = Release|iPhoneSimulator
		{F7D2E51D-9DF9-41A9-A2DA-C71C851DFDCB}.Release|iPhoneSimulator.Build.0 = Release|iPhoneSimulator
	EndGlobalSection
	GlobalSection(SolutionProperties) = preSolution
		HideSolutionNode = FALSE
	EndGlobalSection
	GlobalSection(ExtensibilityGlobals) = postSolution
		SolutionGuid = {087BD81C-E0B0-4EDA-98E9-C98B4526BFE4}
	EndGlobalSection
EndGlobal
